// !$*UTF8*$!
{
	archiveVersion = 1;
	classes = {
	};
	objectVersion = 46;
	objects = {

/* Begin PBXBuildFile section */
		1C1AEF891F4EA624005C8FB8 /* main.m in Sources */ = {isa = PBXBuildFile; fileRef = 1C1AEF881F4EA624005C8FB8 /* main.m */; };
		1C1AEF8C1F4EA624005C8FB8 /* AppDelegate.m in Sources */ = {isa = PBXBuildFile; fileRef = 1C1AEF8B1F4EA624005C8FB8 /* AppDelegate.m */; };
		1C1AEF8F1F4EA624005C8FB8 /* ViewController.m in Sources */ = {isa = PBXBuildFile; fileRef = 1C1AEF8E1F4EA624005C8FB8 /* ViewController.m */; };
		1C1AEF921F4EA624005C8FB8 /* Main.storyboard in Resources */ = {isa = PBXBuildFile; fileRef = 1C1AEF901F4EA624005C8FB8 /* Main.storyboard */; };
		1C1AEF941F4EA624005C8FB8 /* Assets.xcassets in Resources */ = {isa = PBXBuildFile; fileRef = 1C1AEF931F4EA624005C8FB8 /* Assets.xcassets */; };
		1C1AEF971F4EA624005C8FB8 /* LaunchScreen.storyboard in Resources */ = {isa = PBXBuildFile; fileRef = 1C1AEF951F4EA624005C8FB8 /* LaunchScreen.storyboard */; };
		1C1AEFA01F4EA7FA005C8FB8 /* BaseTableViewController.m in Sources */ = {isa = PBXBuildFile; fileRef = 1C1AEF9F1F4EA7FA005C8FB8 /* BaseTableViewController.m */; };
		1C1AEFA31F4EAC96005C8FB8 /* PagerViewController.m in Sources */ = {isa = PBXBuildFile; fileRef = 1C1AEFA21F4EAC96005C8FB8 /* PagerViewController.m */; };
		1C1AEFA61F4EBA73005C8FB8 /* TestViewController.m in Sources */ = {isa = PBXBuildFile; fileRef = 1C1AEFA51F4EBA73005C8FB8 /* TestViewController.m */; };
		32749EFB26E011CEF355C6AA /* Pods_ThSegmentedPagerExample.framework in Frameworks */ = {isa = PBXBuildFile; fileRef = E7B5685ACEE81C8F2BC88A0A /* Pods_ThSegmentedPagerExample.framework */; };
/* End PBXBuildFile section */

/* Begin PBXFileReference section */
		1C1AEF841F4EA624005C8FB8 /* ThSegmentedPagerExample.app */ = {isa = PBXFileReference; explicitFileType = wrapper.application; includeInIndex = 0; path = ThSegmentedPagerExample.app; sourceTree = BUILT_PRODUCTS_DIR; };
		1C1AEF881F4EA624005C8FB8 /* main.m */ = {isa = PBXFileReference; lastKnownFileType = sourcecode.c.objc; path = main.m; sourceTree = "<group>"; };
		1C1AEF8A1F4EA624005C8FB8 /* AppDelegate.h */ = {isa = PBXFileReference; lastKnownFileType = sourcecode.c.h; path = AppDelegate.h; sourceTree = "<group>"; };
		1C1AEF8B1F4EA624005C8FB8 /* AppDelegate.m */ = {isa = PBXFileReference; lastKnownFileType = sourcecode.c.objc; path = AppDelegate.m; sourceTree = "<group>"; };
		1C1AEF8D1F4EA624005C8FB8 /* ViewController.h */ = {isa = PBXFileReference; lastKnownFileType = sourcecode.c.h; path = ViewController.h; sourceTree = "<group>"; };
		1C1AEF8E1F4EA624005C8FB8 /* ViewController.m */ = {isa = PBXFileReference; lastKnownFileType = sourcecode.c.objc; path = ViewController.m; sourceTree = "<group>"; };
		1C1AEF911F4EA624005C8FB8 /* Base */ = {isa = PBXFileReference; lastKnownFileType = file.storyboard; name = Base; path = Base.lproj/Main.storyboard; sourceTree = "<group>"; };
		1C1AEF931F4EA624005C8FB8 /* Assets.xcassets */ = {isa = PBXFileReference; lastKnownFileType = folder.assetcatalog; path = Assets.xcassets; sourceTree = "<group>"; };
		1C1AEF961F4EA624005C8FB8 /* Base */ = {isa = PBXFileReference; lastKnownFileType = file.storyboard; name = Base; path = Base.lproj/LaunchScreen.storyboard; sourceTree = "<group>"; };
		1C1AEF981F4EA624005C8FB8 /* Info.plist */ = {isa = PBXFileReference; lastKnownFileType = text.plist.xml; path = Info.plist; sourceTree = "<group>"; };
		1C1AEF9E1F4EA7FA005C8FB8 /* BaseTableViewController.h */ = {isa = PBXFileReference; fileEncoding = 4; lastKnownFileType = sourcecode.c.h; path = BaseTableViewController.h; sourceTree = "<group>"; };
		1C1AEF9F1F4EA7FA005C8FB8 /* BaseTableViewController.m */ = {isa = PBXFileReference; fileEncoding = 4; lastKnownFileType = sourcecode.c.objc; path = BaseTableViewController.m; sourceTree = "<group>"; };
		1C1AEFA11F4EAC96005C8FB8 /* PagerViewController.h */ = {isa = PBXFileReference; fileEncoding = 4; lastKnownFileType = sourcecode.c.h; path = PagerViewController.h; sourceTree = "<group>"; };
		1C1AEFA21F4EAC96005C8FB8 /* PagerViewController.m */ = {isa = PBXFileReference; fileEncoding = 4; lastKnownFileType = sourcecode.c.objc; path = PagerViewController.m; sourceTree = "<group>"; };
		1C1AEFA41F4EBA73005C8FB8 /* TestViewController.h */ = {isa = PBXFileReference; fileEncoding = 4; lastKnownFileType = sourcecode.c.h; path = TestViewController.h; sourceTree = "<group>"; };
		1C1AEFA51F4EBA73005C8FB8 /* TestViewController.m */ = {isa = PBXFileReference; fileEncoding = 4; lastKnownFileType = sourcecode.c.objc; path = TestViewController.m; sourceTree = "<group>"; };
		C8918BF900C98EEF7131C90D /* Pods-ThSegmentedPagerExample.release.xcconfig */ = {isa = PBXFileReference; includeInIndex = 1; lastKnownFileType = text.xcconfig; name = "Pods-ThSegmentedPagerExample.release.xcconfig"; path = "Pods/Target Support Files/Pods-ThSegmentedPagerExample/Pods-ThSegmentedPagerExample.release.xcconfig"; sourceTree = "<group>"; };
		E7B5685ACEE81C8F2BC88A0A /* Pods_ThSegmentedPagerExample.framework */ = {isa = PBXFileReference; explicitFileType = wrapper.framework; includeInIndex = 0; path = Pods_ThSegmentedPagerExample.framework; sourceTree = BUILT_PRODUCTS_DIR; };
		FE52F4410F6DFBC3E444EFA1 /* Pods-ThSegmentedPagerExample.debug.xcconfig */ = {isa = PBXFileReference; includeInIndex = 1; lastKnownFileType = text.xcconfig; name = "Pods-ThSegmentedPagerExample.debug.xcconfig"; path = "Pods/Target Support Files/Pods-ThSegmentedPagerExample/Pods-ThSegmentedPagerExample.debug.xcconfig"; sourceTree = "<group>"; };
/* End PBXFileReference section */

/* Begin PBXFrameworksBuildPhase section */
		1C1AEF811F4EA624005C8FB8 /* Frameworks */ = {
			isa = PBXFrameworksBuildPhase;
			buildActionMask = 2147483647;
			files = (
				32749EFB26E011CEF355C6AA /* Pods_ThSegmentedPagerExample.framework in Frameworks */,
			);
			runOnlyForDeploymentPostprocessing = 0;
		};
/* End PBXFrameworksBuildPhase section */

/* Begin PBXGroup section */
		1C1AEF7B1F4EA624005C8FB8 = {
			isa = PBXGroup;
			children = (
				1C1AEF861F4EA624005C8FB8 /* ThSegmentedPagerExample */,
				1C1AEF851F4EA624005C8FB8 /* Products */,
				FA563CC82ABD459C84377457 /* Pods */,
				87591CA62F2EDC4A642B9CC4 /* Frameworks */,
			);
			sourceTree = "<group>";
		};
		1C1AEF851F4EA624005C8FB8 /* Products */ = {
			isa = PBXGroup;
			children = (
				1C1AEF841F4EA624005C8FB8 /* ThSegmentedPagerExample.app */,
			);
			name = Products;
			sourceTree = "<group>";
		};
		1C1AEF861F4EA624005C8FB8 /* ThSegmentedPagerExample */ = {
			isa = PBXGroup;
			children = (
				1C1AEF8A1F4EA624005C8FB8 /* AppDelegate.h */,
				1C1AEF8B1F4EA624005C8FB8 /* AppDelegate.m */,
				1C1AEF8D1F4EA624005C8FB8 /* ViewController.h */,
				1C1AEF8E1F4EA624005C8FB8 /* ViewController.m */,
				1C1AEF9E1F4EA7FA005C8FB8 /* BaseTableViewController.h */,
				1C1AEF9F1F4EA7FA005C8FB8 /* BaseTableViewController.m */,
				1C1AEFA11F4EAC96005C8FB8 /* PagerViewController.h */,
				1C1AEFA21F4EAC96005C8FB8 /* PagerViewController.m */,
				1C1AEFA41F4EBA73005C8FB8 /* TestViewController.h */,
				1C1AEFA51F4EBA73005C8FB8 /* TestViewController.m */,
				1C1AEF901F4EA624005C8FB8 /* Main.storyboard */,
				1C1AEF931F4EA624005C8FB8 /* Assets.xcassets */,
				1C1AEF951F4EA624005C8FB8 /* LaunchScreen.storyboard */,
				1C1AEF981F4EA624005C8FB8 /* Info.plist */,
				1C1AEF871F4EA624005C8FB8 /* Supporting Files */,
			);
			path = ThSegmentedPagerExample;
			sourceTree = "<group>";
		};
		1C1AEF871F4EA624005C8FB8 /* Supporting Files */ = {
			isa = PBXGroup;
			children = (
				1C1AEF881F4EA624005C8FB8 /* main.m */,
			);
			name = "Supporting Files";
			sourceTree = "<group>";
		};
		87591CA62F2EDC4A642B9CC4 /* Frameworks */ = {
			isa = PBXGroup;
			children = (
				E7B5685ACEE81C8F2BC88A0A /* Pods_ThSegmentedPagerExample.framework */,
			);
			name = Frameworks;
			sourceTree = "<group>";
		};
		FA563CC82ABD459C84377457 /* Pods */ = {
			isa = PBXGroup;
			children = (
				FE52F4410F6DFBC3E444EFA1 /* Pods-ThSegmentedPagerExample.debug.xcconfig */,
				C8918BF900C98EEF7131C90D /* Pods-ThSegmentedPagerExample.release.xcconfig */,
			);
			name = Pods;
			sourceTree = "<group>";
		};
/* End PBXGroup section */

/* Begin PBXNativeTarget section */
		1C1AEF831F4EA624005C8FB8 /* ThSegmentedPagerExample */ = {
			isa = PBXNativeTarget;
			buildConfigurationList = 1C1AEF9B1F4EA624005C8FB8 /* Build configuration list for PBXNativeTarget "ThSegmentedPagerExample" */;
			buildPhases = (
				031A4F227C0F2DE88C26BA03 /* [CP] Check Pods Manifest.lock */,
				1C1AEF801F4EA624005C8FB8 /* Sources */,
				1C1AEF811F4EA624005C8FB8 /* Frameworks */,
				1C1AEF821F4EA624005C8FB8 /* Resources */,
				99318926B5411CB48DAF2087 /* [CP] Embed Pods Frameworks */,
				B2AE61DB94D54429ADB2158F /* [CP] Copy Pods Resources */,
			);
			buildRules = (
			);
			dependencies = (
			);
			name = ThSegmentedPagerExample;
			productName = ThSegmentedPagerExample;
			productReference = 1C1AEF841F4EA624005C8FB8 /* ThSegmentedPagerExample.app */;
			productType = "com.apple.product-type.application";
		};
/* End PBXNativeTarget section */

/* Begin PBXProject section */
		1C1AEF7C1F4EA624005C8FB8 /* Project object */ = {
			isa = PBXProject;
			attributes = {
				LastUpgradeCheck = 0830;
				ORGANIZATIONNAME = "胡金友";
				TargetAttributes = {
					1C1AEF831F4EA624005C8FB8 = {
						CreatedOnToolsVersion = 8.3.3;
						DevelopmentTeam = NFE8L9VTV6;
						ProvisioningStyle = Manual;
					};
				};
			};
			buildConfigurationList = 1C1AEF7F1F4EA624005C8FB8 /* Build configuration list for PBXProject "ThSegmentedPagerExample" */;
			compatibilityVersion = "Xcode 3.2";
			developmentRegion = English;
			hasScannedForEncodings = 0;
			knownRegions = (
				en,
				Base,
			);
			mainGroup = 1C1AEF7B1F4EA624005C8FB8;
			productRefGroup = 1C1AEF851F4EA624005C8FB8 /* Products */;
			projectDirPath = "";
			projectRoot = "";
			targets = (
				1C1AEF831F4EA624005C8FB8 /* ThSegmentedPagerExample */,
			);
		};
/* End PBXProject section */

/* Begin PBXResourcesBuildPhase section */
		1C1AEF821F4EA624005C8FB8 /* Resources */ = {
			isa = PBXResourcesBuildPhase;
			buildActionMask = 2147483647;
			files = (
				1C1AEF971F4EA624005C8FB8 /* LaunchScreen.storyboard in Resources */,
				1C1AEF941F4EA624005C8FB8 /* Assets.xcassets in Resources */,
				1C1AEF921F4EA624005C8FB8 /* Main.storyboard in Resources */,
			);
			runOnlyForDeploymentPostprocessing = 0;
		};
/* End PBXResourcesBuildPhase section */

/* Begin PBXShellScriptBuildPhase section */
		031A4F227C0F2DE88C26BA03 /* [CP] Check Pods Manifest.lock */ = {
			isa = PBXShellScriptBuildPhase;
			buildActionMask = 2147483647;
			files = (
			);
			inputPaths = (
			);
			name = "[CP] Check Pods Manifest.lock";
			outputPaths = (
			);
			runOnlyForDeploymentPostprocessing = 0;
			shellPath = /bin/sh;
			shellScript = "diff \"${PODS_PODFILE_DIR_PATH}/Podfile.lock\" \"${PODS_ROOT}/Manifest.lock\" > /dev/null\nif [ $? != 0 ] ; then\n    # print error to STDERR\n    echo \"error: The sandbox is not in sync with the Podfile.lock. Run 'pod install' or update your CocoaPods installation.\" >&2\n    exit 1\nfi\n";
			showEnvVarsInLog = 0;
		};
		99318926B5411CB48DAF2087 /* [CP] Embed Pods Frameworks */ = {
			isa = PBXShellScriptBuildPhase;
			buildActionMask = 2147483647;
			files = (
			);
			inputPaths = (
			);
			name = "[CP] Embed Pods Frameworks";
			outputPaths = (
			);
			runOnlyForDeploymentPostprocessing = 0;
			shellPath = /bin/sh;
			shellScript = "\"${SRCROOT}/Pods/Target Support Files/Pods-ThSegmentedPagerExample/Pods-ThSegmentedPagerExample-frameworks.sh\"\n";
			showEnvVarsInLog = 0;
		};
		B2AE61DB94D54429ADB2158F /* [CP] Copy Pods Resources */ = {
			isa = PBXShellScriptBuildPhase;
			buildActionMask = 2147483647;
			files = (
			);
			inputPaths = (
			);
			name = "[CP] Copy Pods Resources";
			outputPaths = (
			);
			runOnlyForDeploymentPostprocessing = 0;
			shellPath = /bin/sh;
			shellScript = "\"${SRCROOT}/Pods/Target Support Files/Pods-ThSegmentedPagerExample/Pods-ThSegmentedPagerExample-resources.sh\"\n";
			showEnvVarsInLog = 0;
		};
/* End PBXShellScriptBuildPhase section */

/* Begin PBXSourcesBuildPhase section */
		1C1AEF801F4EA624005C8FB8 /* Sources */ = {
			isa = PBXSourcesBuildPhase;
			buildActionMask = 2147483647;
			files = (
				1C1AEFA61F4EBA73005C8FB8 /* TestViewController.m in Sources */,
				1C1AEF8F1F4EA624005C8FB8 /* ViewController.m in Sources */,
				1C1AEFA31F4EAC96005C8FB8 /* PagerViewController.m in Sources */,
				1C1AEF8C1F4EA624005C8FB8 /* AppDelegate.m in Sources */,
				1C1AEFA01F4EA7FA005C8FB8 /* BaseTableViewController.m in Sources */,
				1C1AEF891F4EA624005C8FB8 /* main.m in Sources */,
			);
			runOnlyForDeploymentPostprocessing = 0;
		};
/* End PBXSourcesBuildPhase section */

/* Begin PBXVariantGroup section */
		1C1AEF901F4EA624005C8FB8 /* Main.storyboard */ = {
			isa = PBXVariantGroup;
			children = (
				1C1AEF911F4EA624005C8FB8 /* Base */,
			);
			name = Main.storyboard;
			sourceTree = "<group>";
		};
		1C1AEF951F4EA624005C8FB8 /* LaunchScreen.storyboard */ = {
			isa = PBXVariantGroup;
			children = (
				1C1AEF961F4EA624005C8FB8 /* Base */,
			);
			name = LaunchScreen.storyboard;
			sourceTree = "<group>";
		};
/* End PBXVariantGroup section */

/* Begin XCBuildConfiguration section */
		1C1AEF991F4EA624005C8FB8 /* Debug */ = {
			isa = XCBuildConfiguration;
			buildSettings = {
				ALWAYS_SEARCH_USER_PATHS = NO;
				CLANG_ANALYZER_NONNULL = YES;
				CLANG_ANALYZER_NUMBER_OBJECT_CONVERSION = YES_AGGRESSIVE;
				CLANG_CXX_LANGUAGE_STANDARD = "gnu++0x";
				CLANG_CXX_LIBRARY = "libc++";
				CLANG_ENABLE_MODULES = YES;
				CLANG_ENABLE_OBJC_ARC = YES;
				CLANG_WARN_BOOL_CONVERSION = YES;
				CLANG_WARN_CONSTANT_CONVERSION = YES;
				CLANG_WARN_DIRECT_OBJC_ISA_USAGE = YES_ERROR;
				CLANG_WARN_DOCUMENTATION_COMMENTS = YES;
				CLANG_WARN_EMPTY_BODY = YES;
				CLANG_WARN_ENUM_CONVERSION = YES;
				CLANG_WARN_INFINITE_RECURSION = YES;
				CLANG_WARN_INT_CONVERSION = YES;
				CLANG_WARN_OBJC_ROOT_CLASS = YES_ERROR;
				CLANG_WARN_SUSPICIOUS_MOVE = YES;
				CLANG_WARN_UNREACHABLE_CODE = YES;
				CLANG_WARN__DUPLICATE_METHOD_MATCH = YES;
				"CODE_SIGN_IDENTITY[sdk=iphoneos*]" = "iPhone Developer";
				COPY_PHASE_STRIP = NO;
				DEBUG_INFORMATION_FORMAT = dwarf;
				ENABLE_STRICT_OBJC_MSGSEND = YES;
				ENABLE_TESTABILITY = YES;
				GCC_C_LANGUAGE_STANDARD = gnu99;
				GCC_DYNAMIC_NO_PIC = NO;
				GCC_NO_COMMON_BLOCKS = YES;
				GCC_OPTIMIZATION_LEVEL = 0;
				GCC_PREPROCESSOR_DEFINITIONS = (
					"DEBUG=1",
					"$(inherited)",
				);
				GCC_WARN_64_TO_32_BIT_CONVERSION = YES;
				GCC_WARN_ABOUT_RETURN_TYPE = YES_ERROR;
				GCC_WARN_UNDECLARED_SELECTOR = YES;
				GCC_WARN_UNINITIALIZED_AUTOS = YES_AGGRESSIVE;
				GCC_WARN_UNUSED_FUNCTION = YES;
				GCC_WARN_UNUSED_VARIABLE = YES;
				IPHONEOS_DEPLOYMENT_TARGET = 10.3;
				MTL_ENABLE_DEBUG_INFO = YES;
				ONLY_ACTIVE_ARCH = YES;
				SDKROOT = iphoneos;
				TARGETED_DEVICE_FAMILY = "1,2";
			};
			name = Debug;
		};
		1C1AEF9A1F4EA624005C8FB8 /* Release */ = {
			isa = XCBuildConfiguration;
			buildSettings = {
				ALWAYS_SEARCH_USER_PATHS = NO;
				CLANG_ANALYZER_NONNULL = YES;
				CLANG_ANALYZER_NUMBER_OBJECT_CONVERSION = YES_AGGRESSIVE;
				CLANG_CXX_LANGUAGE_STANDARD = "gnu++0x";
				CLANG_CXX_LIBRARY = "libc++";
				CLANG_ENABLE_MODULES = YES;
				CLANG_ENABLE_OBJC_ARC = YES;
				CLANG_WARN_BOOL_CONVERSION = YES;
				CLANG_WARN_CONSTANT_CONVERSION = YES;
				CLANG_WARN_DIRECT_OBJC_ISA_USAGE = YES_ERROR;
				CLANG_WARN_DOCUMENTATION_COMMENTS = YES;
				CLANG_WARN_EMPTY_BODY = YES;
				CLANG_WARN_ENUM_CONVERSION = YES;
				CLANG_WARN_INFINITE_RECURSION = YES;
				CLANG_WARN_INT_CONVERSION = YES;
				CLANG_WARN_OBJC_ROOT_CLASS = YES_ERROR;
				CLANG_WARN_SUSPICIOUS_MOVE = YES;
				CLANG_WARN_UNREACHABLE_CODE = YES;
				CLANG_WARN__DUPLICATE_METHOD_MATCH = YES;
				"CODE_SIGN_IDENTITY[sdk=iphoneos*]" = "iPhone Developer";
				COPY_PHASE_STRIP = NO;
				DEBUG_INFORMATION_FORMAT = "dwarf-with-dsym";
				ENABLE_NS_ASSERTIONS = NO;
				ENABLE_STRICT_OBJC_MSGSEND = YES;
				GCC_C_LANGUAGE_STANDARD = gnu99;
				GCC_NO_COMMON_BLOCKS = YES;
				GCC_WARN_64_TO_32_BIT_CONVERSION = YES;
				GCC_WARN_ABOUT_RETURN_TYPE = YES_ERROR;
				GCC_WARN_UNDECLARED_SELECTOR = YES;
				GCC_WARN_UNINITIALIZED_AUTOS = YES_AGGRESSIVE;
				GCC_WARN_UNUSED_FUNCTION = YES;
				GCC_WARN_UNUSED_VARIABLE = YES;
				IPHONEOS_DEPLOYMENT_TARGET = 10.3;
				MTL_ENABLE_DEBUG_INFO = NO;
				SDKROOT = iphoneos;
				TARGETED_DEVICE_FAMILY = "1,2";
				VALIDATE_PRODUCT = YES;
			};
			name = Release;
		};
		1C1AEF9C1F4EA624005C8FB8 /* Debug */ = {
			isa = XCBuildConfiguration;
			baseConfigurationReference = FE52F4410F6DFBC3E444EFA1 /* Pods-ThSegmentedPagerExample.debug.xcconfig */;
			buildSettings = {
				ASSETCATALOG_COMPILER_APPICON_NAME = AppIcon;
				"CODE_SIGN_IDENTITY[sdk=iphoneos*]" = "iPhone Developer";
				DEVELOPMENT_TEAM = NFE8L9VTV6;
				INFOPLIST_FILE = ThSegmentedPagerExample/Info.plist;
				LD_RUNPATH_SEARCH_PATHS = "$(inherited) @executable_path/Frameworks";
				PRODUCT_BUNDLE_IDENTIFIER = com.jyhu.ThSegmentedPagerExample;
				PRODUCT_NAME = "$(TARGET_NAME)";
				PROVISIONING_PROFILE = "4586ff62-821a-4e40-99a7-7682f668d1ca";
				PROVISIONING_PROFILE_SPECIFIER = "hujinyou-mbp-dev-all-170329";
			};
			name = Debug;
		};
		1C1AEF9D1F4EA624005C8FB8 /* Release */ = {
			isa = XCBuildConfiguration;
			baseConfigurationReference = C8918BF900C98EEF7131C90D /* Pods-ThSegmentedPagerExample.release.xcconfig */;
			buildSettings = {
				ASSETCATALOG_COMPILER_APPICON_NAME = AppIcon;
				"CODE_SIGN_IDENTITY[sdk=iphoneos*]" = "iPhone Developer";
				DEVELOPMENT_TEAM = "";
				INFOPLIST_FILE = ThSegmentedPagerExample/Info.plist;
				LD_RUNPATH_SEARCH_PATHS = "$(inherited) @executable_path/Frameworks";
				PRODUCT_BUNDLE_IDENTIFIER = com.jyhu.ThSegmentedPagerExample;
				PRODUCT_NAME = "$(TARGET_NAME)";
				PROVISIONING_PROFILE_SPECIFIER = "";
			};
			name = Release;
		};
/* End XCBuildConfiguration section */

/* Begin XCConfigurationList section */
		1C1AEF7F1F4EA624005C8FB8 /* Build configuration list for PBXProject "ThSegmentedPagerExample" */ = {
			isa = XCConfigurationList;
			buildConfigurations = (
				1C1AEF991F4EA624005C8FB8 /* Debug */,
				1C1AEF9A1F4EA624005C8FB8 /* Release */,
			);
			defaultConfigurationIsVisible = 0;
			defaultConfigurationName = Release;
		};
		1C1AEF9B1F4EA624005C8FB8 /* Build configuration list for PBXNativeTarget "ThSegmentedPagerExample" */ = {
			isa = XCConfigurationList;
			buildConfigurations = (
				1C1AEF9C1F4EA624005C8FB8 /* Debug */,
				1C1AEF9D1F4EA624005C8FB8 /* Release */,
			);
			defaultConfigurationIsVisible = 0;
			defaultConfigurationName = Release;
		};
/* End XCConfigurationList section */
	};
	rootObject = 1C1AEF7C1F4EA624005C8FB8 /* Project object */;
}
