PODS:
  - HMSegmentedControl (1.5.4)
  - THSegmentedPager (1.1.3):
    - HMSegmentedControl (~> 1.5.2)

DEPENDENCIES:
  - THSegmentedPager (from `../../THSegmentedPager`)

EXTERNAL SOURCES:
  THSegmentedPager:
    :path: ../../THSegmentedPager

SPEC CHECKSUMS:
  HMSegmentedControl: b25bc4ec44766e073d62c473188fb354ee244b76
  THSegmentedPager: 9d4fb2acc78d77246caf1e71d2e878bf5977b904

PODFILE CHECKSUM: 4c62b73aa77c867cac98f2dddce0bf6dc9b16228

COCOAPODS: 1.2.1
